
Microsoft Visual Studio Solution File, Format Version 12.00
# Visual Studio 15
VisualStudioVersion = 15.0.26124.0
MinimumVisualStudioVersion = 15.0.26124.0
Project("{2150E333-8FDC-42A3-9474-1A3956D46DE8}") = "tests", "tests", "{E11D4633-D29A-4545-B46D-53837CA1587D}"
EndProject
Project("{FAE04EC0-301F-11D3-BF4B-00C04F79EFBC}") = "13.RomanToInteger.Tests", "tests\13.RomanToInteger.Tests\13.RomanToInteger.Tests.csproj", "{EDCA0ECD-7124-490F-BE1E-19F637BF0E10}"
EndProject
Project("{2150E333-8FDC-42A3-9474-1A3956D46DE8}") = "src", "src", "{AC0C8BBD-FAD5-4465-8809-39B1B70F6121}"
EndProject
Project("{FAE04EC0-301F-11D3-BF4B-00C04F79EFBC}") = "13.RomanToInteger", "src\13.RomanToInteger\13.RomanToInteger.csproj", "{4A5864FC-9114-4D3E-83D6-DFBD6A03C0CD}"
EndProject
Project("{FAE04EC0-301F-11D3-BF4B-00C04F79EFBC}") = "217.ContainsDuplicate.Tests", "tests\217.ContainsDuplicate.Tests\217.ContainsDuplicate.Tests.csproj", "{6DA6D2C1-E968-4C11-B43E-ED6D91DADE67}"
EndProject
Project("{FAE04EC0-301F-11D3-BF4B-00C04F79EFBC}") = "217.ContainsDuplicate", "src\217.ContainsDuplicate\217.ContainsDuplicate.csproj", "{65FBC84A-36E2-482A-A31E-DB9976BB31A6}"
EndProject
Project("{FAE04EC0-301F-11D3-BF4B-00C04F79EFBC}") = "268.MissingNumber", "src\268.MissingNumber\268.MissingNumber.csproj", "{3959E6E0-2649-4753-BD3E-DC9BCB2B2D3A}"
EndProject
Project("{FAE04EC0-301F-11D3-BF4B-00C04F79EFBC}") = "268.MissingNumber.Tests", "tests\268.MissingNumber.Tests\268.MissingNumber.Tests.csproj", "{49469324-6AB1-4853-90FE-D41220C866DF}"
EndProject
Project("{FAE04EC0-301F-11D3-BF4B-00C04F79EFBC}") = "448.FindAllNumbersDisappearedInArray", "src\448.FindAllNumbersDisappearedInArray\448.FindAllNumbersDisappearedInArray.csproj", "{ACCD8725-52B2-4794-9F1A-D74D74AC2927}"
EndProject
Project("{FAE04EC0-301F-11D3-BF4B-00C04F79EFBC}") = "448.FindAllNumbersDisappearedInArray.Tests", "tests\448.FindAllNumbersDisappearedInArray.Tests\448.FindAllNumbersDisappearedInArray.Tests.csproj", "{CF235CBE-1F55-4893-8180-839CA5649E39}"
EndProject
Project("{FAE04EC0-301F-11D3-BF4B-00C04F79EFBC}") = "136.SingleNumber", "src\136.SingleNumber\136.SingleNumber.csproj", "{FD69C469-43B6-4657-90C2-E2F67FA19387}"
EndProject
Project("{FAE04EC0-301F-11D3-BF4B-00C04F79EFBC}") = "136.SingleNumber.Tests", "tests\136.SingleNumber.Tests\136.SingleNumber.Tests.csproj", "{53CC0C46-F09E-40E6-96CC-D329D19F2ADF}"
EndProject
Project("{FAE04EC0-301F-11D3-BF4B-00C04F79EFBC}") = "70.ClimbingStairs", "src\70.ClimbingStairs\70.ClimbingStairs.csproj", "{D7F2E53D-B29E-4F0F-9BFB-578669FBE51C}"
EndProject
Project("{FAE04EC0-301F-11D3-BF4B-00C04F79EFBC}") = "70.ClimbingStairs.Tests", "tests\70.ClimbingStairs.Tests\70.ClimbingStairs.Tests.csproj", "{6FB0E99E-7509-4D18-AB89-4DF3FB7BACA5}"
EndProject
Project("{FAE04EC0-301F-11D3-BF4B-00C04F79EFBC}") = "1480.RunningSum1dArray", "src\1480.RunningSum1dArray\1480.RunningSum1dArray.csproj", "{9436F81D-FD38-42A7-AB33-866D852C0E2C}"
EndProject
Project("{FAE04EC0-301F-11D3-BF4B-00C04F79EFBC}") = "1480.RunningSum1dArray.Tests", "tests\1480.RunningSum1dArray.Tests\1480.RunningSum1dArray.Tests.csproj", "{FEAF2126-E9B8-43DB-BFB3-EB3140CCBC47}"
EndProject
Project("{FAE04EC0-301F-11D3-BF4B-00C04F79EFBC}") = "724.FindPivotIndex", "src\724.FindPivotIndex\724.FindPivotIndex.csproj", "{9BAC79AE-33DC-4F19-AE00-D78C72373042}"
EndProject
Project("{FAE04EC0-301F-11D3-BF4B-00C04F79EFBC}") = "724.FindPivotIndex.Tests", "tests\724.FindPivotIndex.Tests\724.FindPivotIndex.Tests.csproj", "{BE67162F-0E7C-40CC-9EF5-C8C556F50623}"
EndProject
Project("{FAE04EC0-301F-11D3-BF4B-00C04F79EFBC}") = "205.IsomorphicStrings", "src\205.IsomorphicStrings\205.IsomorphicStrings.csproj", "{4A646A5F-1BC5-4380-A0BD-124C817770D8}"
EndProject
Project("{FAE04EC0-301F-11D3-BF4B-00C04F79EFBC}") = "205.IsomorphicStrings.Tests", "tests\205.IsomorphicStrings.Tests\205.IsomorphicStrings.Tests.csproj", "{DE8B09D4-9899-459D-818D-D6D223EB11FB}"
EndProject
Project("{FAE04EC0-301F-11D3-BF4B-00C04F79EFBC}") = "392.IsSubsequence", "src\392.IsSubsequence\392.IsSubsequence.csproj", "{AAB120E6-316E-4AA7-89F2-B91407796166}"
EndProject
Project("{FAE04EC0-301F-11D3-BF4B-00C04F79EFBC}") = "392.IsSubsequence.Tests", "tests\392.IsSubsequence.Tests\392.IsSubsequence.Tests.csproj", "{3A83E62A-98CD-4B34-9B49-D543BACDA91D}"
EndProject
Project("{FAE04EC0-301F-11D3-BF4B-00C04F79EFBC}") = "21.MergeTwoSortedLists", "src\21.MergeTwoSortedLists\21.MergeTwoSortedLists.csproj", "{9CE152DF-18DF-4A12-AB38-658322A0F499}"
EndProject
Project("{FAE04EC0-301F-11D3-BF4B-00C04F79EFBC}") = "21.MergeTwoSortedLists.Tests", "tests\21.MergeTwoSortedLists.Tests\21.MergeTwoSortedLists.Tests.csproj", "{FC97B140-E25B-432B-BEFE-2756A52C6813}"
EndProject
Project("{FAE04EC0-301F-11D3-BF4B-00C04F79EFBC}") = "876.MiddleOfTheLinkedList", "src\876.MiddleOfTheLinkedList\876.MiddleOfTheLinkedList.csproj", "{0C97DFC5-AAB0-485B-B878-CD59803EBB14}"
EndProject
Project("{FAE04EC0-301F-11D3-BF4B-00C04F79EFBC}") = "876.MiddleOfTheLinkedList.Tests", "tests\876.MiddleOfTheLinkedList.Tests\876.MiddleOfTheLinkedList.Tests.csproj", "{2E4E2F6B-2C34-43B0-B0D6-FF09D53C4260}"
EndProject
Project("{FAE04EC0-301F-11D3-BF4B-00C04F79EFBC}") = "1.TwoSum", "src\1.TwoSum\1.TwoSum.csproj", "{68B3D898-6A0C-491A-A06C-56760D5BD37C}"
EndProject
Project("{FAE04EC0-301F-11D3-BF4B-00C04F79EFBC}") = "1.TwoSum.Tests", "tests\1.TwoSum.Tests\1.TwoSum.Tests.csproj", "{3E5CDEDC-D8B4-48F3-A137-014B243A70CD}"
EndProject
Project("{FAE04EC0-301F-11D3-BF4B-00C04F79EFBC}") = "2.AddTwoNumbers", "src\2.AddTwoNumbers\2.AddTwoNumbers.csproj", "{8D88F296-9C49-48E8-8423-28B3210B6965}"
EndProject
Project("{FAE04EC0-301F-11D3-BF4B-00C04F79EFBC}") = "2.AddTwoNumbers.Tests", "tests\2.AddTwoNumbers.Tests\2.AddTwoNumbers.Tests.csproj", "{C77B4FA5-FD80-4D3B-8543-3292622E3517}"
EndProject
Project("{FAE04EC0-301F-11D3-BF4B-00C04F79EFBC}") = "3.LongestSubstring", "src\3.LongestSubstring\3.LongestSubstring.csproj", "{C980F943-D931-461D-BBA7-CDAB80ADB264}"
EndProject
Project("{FAE04EC0-301F-11D3-BF4B-00C04F79EFBC}") = "3.LongestSubstring.Tests", "tests\3.LongestSubstring.Tests\3.LongestSubstring.Tests.csproj", "{5680DAD7-14F2-4C0D-95A3-4B18F3C27674}"
EndProject
Project("{FAE04EC0-301F-11D3-BF4B-00C04F79EFBC}") = "4.MedianTwoSortedArrays", "src\4.MedianTwoSortedArrays\4.MedianTwoSortedArrays.csproj", "{3660E5A1-CB1B-4A90-87BE-41FBED003F17}"
EndProject
Project("{FAE04EC0-301F-11D3-BF4B-00C04F79EFBC}") = "4.MedianTwoSortedArrays.Tests", "tests\4.MedianTwoSortedArrays.Tests\4.MedianTwoSortedArrays.Tests.csproj", "{8E141EA1-9AFD-4429-B07D-EC00E29AE834}"
EndProject
Global
	GlobalSection(SolutionConfigurationPlatforms) = preSolution
		Debug|Any CPU = Debug|Any CPU
		Debug|x64 = Debug|x64
		Debug|x86 = Debug|x86
		Release|Any CPU = Release|Any CPU
		Release|x64 = Release|x64
		Release|x86 = Release|x86
	EndGlobalSection
	GlobalSection(SolutionProperties) = preSolution
		HideSolutionNode = FALSE
	EndGlobalSection
	GlobalSection(ProjectConfigurationPlatforms) = postSolution
		{EDCA0ECD-7124-490F-BE1E-19F637BF0E10}.Debug|Any CPU.ActiveCfg = Debug|Any CPU
		{EDCA0ECD-7124-490F-BE1E-19F637BF0E10}.Debug|Any CPU.Build.0 = Debug|Any CPU
		{EDCA0ECD-7124-490F-BE1E-19F637BF0E10}.Debug|x64.ActiveCfg = Debug|Any CPU
		{EDCA0ECD-7124-490F-BE1E-19F637BF0E10}.Debug|x64.Build.0 = Debug|Any CPU
		{EDCA0ECD-7124-490F-BE1E-19F637BF0E10}.Debug|x86.ActiveCfg = Debug|Any CPU
		{EDCA0ECD-7124-490F-BE1E-19F637BF0E10}.Debug|x86.Build.0 = Debug|Any CPU
		{EDCA0ECD-7124-490F-BE1E-19F637BF0E10}.Release|Any CPU.ActiveCfg = Release|Any CPU
		{EDCA0ECD-7124-490F-BE1E-19F637BF0E10}.Release|Any CPU.Build.0 = Release|Any CPU
		{EDCA0ECD-7124-490F-BE1E-19F637BF0E10}.Release|x64.ActiveCfg = Release|Any CPU
		{EDCA0ECD-7124-490F-BE1E-19F637BF0E10}.Release|x64.Build.0 = Release|Any CPU
		{EDCA0ECD-7124-490F-BE1E-19F637BF0E10}.Release|x86.ActiveCfg = Release|Any CPU
		{EDCA0ECD-7124-490F-BE1E-19F637BF0E10}.Release|x86.Build.0 = Release|Any CPU
		{4A5864FC-9114-4D3E-83D6-DFBD6A03C0CD}.Debug|Any CPU.ActiveCfg = Debug|Any CPU
		{4A5864FC-9114-4D3E-83D6-DFBD6A03C0CD}.Debug|Any CPU.Build.0 = Debug|Any CPU
		{4A5864FC-9114-4D3E-83D6-DFBD6A03C0CD}.Debug|x64.ActiveCfg = Debug|Any CPU
		{4A5864FC-9114-4D3E-83D6-DFBD6A03C0CD}.Debug|x64.Build.0 = Debug|Any CPU
		{4A5864FC-9114-4D3E-83D6-DFBD6A03C0CD}.Debug|x86.ActiveCfg = Debug|Any CPU
		{4A5864FC-9114-4D3E-83D6-DFBD6A03C0CD}.Debug|x86.Build.0 = Debug|Any CPU
		{4A5864FC-9114-4D3E-83D6-DFBD6A03C0CD}.Release|Any CPU.ActiveCfg = Release|Any CPU
		{4A5864FC-9114-4D3E-83D6-DFBD6A03C0CD}.Release|Any CPU.Build.0 = Release|Any CPU
		{4A5864FC-9114-4D3E-83D6-DFBD6A03C0CD}.Release|x64.ActiveCfg = Release|Any CPU
		{4A5864FC-9114-4D3E-83D6-DFBD6A03C0CD}.Release|x64.Build.0 = Release|Any CPU
		{4A5864FC-9114-4D3E-83D6-DFBD6A03C0CD}.Release|x86.ActiveCfg = Release|Any CPU
		{4A5864FC-9114-4D3E-83D6-DFBD6A03C0CD}.Release|x86.Build.0 = Release|Any CPU
		{6DA6D2C1-E968-4C11-B43E-ED6D91DADE67}.Debug|Any CPU.ActiveCfg = Debug|Any CPU
		{6DA6D2C1-E968-4C11-B43E-ED6D91DADE67}.Debug|Any CPU.Build.0 = Debug|Any CPU
		{6DA6D2C1-E968-4C11-B43E-ED6D91DADE67}.Debug|x64.ActiveCfg = Debug|Any CPU
		{6DA6D2C1-E968-4C11-B43E-ED6D91DADE67}.Debug|x64.Build.0 = Debug|Any CPU
		{6DA6D2C1-E968-4C11-B43E-ED6D91DADE67}.Debug|x86.ActiveCfg = Debug|Any CPU
		{6DA6D2C1-E968-4C11-B43E-ED6D91DADE67}.Debug|x86.Build.0 = Debug|Any CPU
		{6DA6D2C1-E968-4C11-B43E-ED6D91DADE67}.Release|Any CPU.ActiveCfg = Release|Any CPU
		{6DA6D2C1-E968-4C11-B43E-ED6D91DADE67}.Release|Any CPU.Build.0 = Release|Any CPU
		{6DA6D2C1-E968-4C11-B43E-ED6D91DADE67}.Release|x64.ActiveCfg = Release|Any CPU
		{6DA6D2C1-E968-4C11-B43E-ED6D91DADE67}.Release|x64.Build.0 = Release|Any CPU
		{6DA6D2C1-E968-4C11-B43E-ED6D91DADE67}.Release|x86.ActiveCfg = Release|Any CPU
		{6DA6D2C1-E968-4C11-B43E-ED6D91DADE67}.Release|x86.Build.0 = Release|Any CPU
		{65FBC84A-36E2-482A-A31E-DB9976BB31A6}.Debug|Any CPU.ActiveCfg = Debug|Any CPU
		{65FBC84A-36E2-482A-A31E-DB9976BB31A6}.Debug|Any CPU.Build.0 = Debug|Any CPU
		{65FBC84A-36E2-482A-A31E-DB9976BB31A6}.Debug|x64.ActiveCfg = Debug|Any CPU
		{65FBC84A-36E2-482A-A31E-DB9976BB31A6}.Debug|x64.Build.0 = Debug|Any CPU
		{65FBC84A-36E2-482A-A31E-DB9976BB31A6}.Debug|x86.ActiveCfg = Debug|Any CPU
		{65FBC84A-36E2-482A-A31E-DB9976BB31A6}.Debug|x86.Build.0 = Debug|Any CPU
		{65FBC84A-36E2-482A-A31E-DB9976BB31A6}.Release|Any CPU.ActiveCfg = Release|Any CPU
		{65FBC84A-36E2-482A-A31E-DB9976BB31A6}.Release|Any CPU.Build.0 = Release|Any CPU
		{65FBC84A-36E2-482A-A31E-DB9976BB31A6}.Release|x64.ActiveCfg = Release|Any CPU
		{65FBC84A-36E2-482A-A31E-DB9976BB31A6}.Release|x64.Build.0 = Release|Any CPU
		{65FBC84A-36E2-482A-A31E-DB9976BB31A6}.Release|x86.ActiveCfg = Release|Any CPU
		{65FBC84A-36E2-482A-A31E-DB9976BB31A6}.Release|x86.Build.0 = Release|Any CPU
		{3959E6E0-2649-4753-BD3E-DC9BCB2B2D3A}.Debug|Any CPU.ActiveCfg = Debug|Any CPU
		{3959E6E0-2649-4753-BD3E-DC9BCB2B2D3A}.Debug|Any CPU.Build.0 = Debug|Any CPU
		{3959E6E0-2649-4753-BD3E-DC9BCB2B2D3A}.Debug|x64.ActiveCfg = Debug|Any CPU
		{3959E6E0-2649-4753-BD3E-DC9BCB2B2D3A}.Debug|x64.Build.0 = Debug|Any CPU
		{3959E6E0-2649-4753-BD3E-DC9BCB2B2D3A}.Debug|x86.ActiveCfg = Debug|Any CPU
		{3959E6E0-2649-4753-BD3E-DC9BCB2B2D3A}.Debug|x86.Build.0 = Debug|Any CPU
		{3959E6E0-2649-4753-BD3E-DC9BCB2B2D3A}.Release|Any CPU.ActiveCfg = Release|Any CPU
		{3959E6E0-2649-4753-BD3E-DC9BCB2B2D3A}.Release|Any CPU.Build.0 = Release|Any CPU
		{3959E6E0-2649-4753-BD3E-DC9BCB2B2D3A}.Release|x64.ActiveCfg = Release|Any CPU
		{3959E6E0-2649-4753-BD3E-DC9BCB2B2D3A}.Release|x64.Build.0 = Release|Any CPU
		{3959E6E0-2649-4753-BD3E-DC9BCB2B2D3A}.Release|x86.ActiveCfg = Release|Any CPU
		{3959E6E0-2649-4753-BD3E-DC9BCB2B2D3A}.Release|x86.Build.0 = Release|Any CPU
		{49469324-6AB1-4853-90FE-D41220C866DF}.Debug|Any CPU.ActiveCfg = Debug|Any CPU
		{49469324-6AB1-4853-90FE-D41220C866DF}.Debug|Any CPU.Build.0 = Debug|Any CPU
		{49469324-6AB1-4853-90FE-D41220C866DF}.Debug|x64.ActiveCfg = Debug|Any CPU
		{49469324-6AB1-4853-90FE-D41220C866DF}.Debug|x64.Build.0 = Debug|Any CPU
		{49469324-6AB1-4853-90FE-D41220C866DF}.Debug|x86.ActiveCfg = Debug|Any CPU
		{49469324-6AB1-4853-90FE-D41220C866DF}.Debug|x86.Build.0 = Debug|Any CPU
		{49469324-6AB1-4853-90FE-D41220C866DF}.Release|Any CPU.ActiveCfg = Release|Any CPU
		{49469324-6AB1-4853-90FE-D41220C866DF}.Release|Any CPU.Build.0 = Release|Any CPU
		{49469324-6AB1-4853-90FE-D41220C866DF}.Release|x64.ActiveCfg = Release|Any CPU
		{49469324-6AB1-4853-90FE-D41220C866DF}.Release|x64.Build.0 = Release|Any CPU
		{49469324-6AB1-4853-90FE-D41220C866DF}.Release|x86.ActiveCfg = Release|Any CPU
		{49469324-6AB1-4853-90FE-D41220C866DF}.Release|x86.Build.0 = Release|Any CPU
		{ACCD8725-52B2-4794-9F1A-D74D74AC2927}.Debug|Any CPU.ActiveCfg = Debug|Any CPU
		{ACCD8725-52B2-4794-9F1A-D74D74AC2927}.Debug|Any CPU.Build.0 = Debug|Any CPU
		{ACCD8725-52B2-4794-9F1A-D74D74AC2927}.Debug|x64.ActiveCfg = Debug|Any CPU
		{ACCD8725-52B2-4794-9F1A-D74D74AC2927}.Debug|x64.Build.0 = Debug|Any CPU
		{ACCD8725-52B2-4794-9F1A-D74D74AC2927}.Debug|x86.ActiveCfg = Debug|Any CPU
		{ACCD8725-52B2-4794-9F1A-D74D74AC2927}.Debug|x86.Build.0 = Debug|Any CPU
		{ACCD8725-52B2-4794-9F1A-D74D74AC2927}.Release|Any CPU.ActiveCfg = Release|Any CPU
		{ACCD8725-52B2-4794-9F1A-D74D74AC2927}.Release|Any CPU.Build.0 = Release|Any CPU
		{ACCD8725-52B2-4794-9F1A-D74D74AC2927}.Release|x64.ActiveCfg = Release|Any CPU
		{ACCD8725-52B2-4794-9F1A-D74D74AC2927}.Release|x64.Build.0 = Release|Any CPU
		{ACCD8725-52B2-4794-9F1A-D74D74AC2927}.Release|x86.ActiveCfg = Release|Any CPU
		{ACCD8725-52B2-4794-9F1A-D74D74AC2927}.Release|x86.Build.0 = Release|Any CPU
		{CF235CBE-1F55-4893-8180-839CA5649E39}.Debug|Any CPU.ActiveCfg = Debug|Any CPU
		{CF235CBE-1F55-4893-8180-839CA5649E39}.Debug|Any CPU.Build.0 = Debug|Any CPU
		{CF235CBE-1F55-4893-8180-839CA5649E39}.Debug|x64.ActiveCfg = Debug|Any CPU
		{CF235CBE-1F55-4893-8180-839CA5649E39}.Debug|x64.Build.0 = Debug|Any CPU
		{CF235CBE-1F55-4893-8180-839CA5649E39}.Debug|x86.ActiveCfg = Debug|Any CPU
		{CF235CBE-1F55-4893-8180-839CA5649E39}.Debug|x86.Build.0 = Debug|Any CPU
		{CF235CBE-1F55-4893-8180-839CA5649E39}.Release|Any CPU.ActiveCfg = Release|Any CPU
		{CF235CBE-1F55-4893-8180-839CA5649E39}.Release|Any CPU.Build.0 = Release|Any CPU
		{CF235CBE-1F55-4893-8180-839CA5649E39}.Release|x64.ActiveCfg = Release|Any CPU
		{CF235CBE-1F55-4893-8180-839CA5649E39}.Release|x64.Build.0 = Release|Any CPU
		{CF235CBE-1F55-4893-8180-839CA5649E39}.Release|x86.ActiveCfg = Release|Any CPU
		{CF235CBE-1F55-4893-8180-839CA5649E39}.Release|x86.Build.0 = Release|Any CPU
		{FD69C469-43B6-4657-90C2-E2F67FA19387}.Debug|Any CPU.ActiveCfg = Debug|Any CPU
		{FD69C469-43B6-4657-90C2-E2F67FA19387}.Debug|Any CPU.Build.0 = Debug|Any CPU
		{FD69C469-43B6-4657-90C2-E2F67FA19387}.Debug|x64.ActiveCfg = Debug|Any CPU
		{FD69C469-43B6-4657-90C2-E2F67FA19387}.Debug|x64.Build.0 = Debug|Any CPU
		{FD69C469-43B6-4657-90C2-E2F67FA19387}.Debug|x86.ActiveCfg = Debug|Any CPU
		{FD69C469-43B6-4657-90C2-E2F67FA19387}.Debug|x86.Build.0 = Debug|Any CPU
		{FD69C469-43B6-4657-90C2-E2F67FA19387}.Release|Any CPU.ActiveCfg = Release|Any CPU
		{FD69C469-43B6-4657-90C2-E2F67FA19387}.Release|Any CPU.Build.0 = Release|Any CPU
		{FD69C469-43B6-4657-90C2-E2F67FA19387}.Release|x64.ActiveCfg = Release|Any CPU
		{FD69C469-43B6-4657-90C2-E2F67FA19387}.Release|x64.Build.0 = Release|Any CPU
		{FD69C469-43B6-4657-90C2-E2F67FA19387}.Release|x86.ActiveCfg = Release|Any CPU
		{FD69C469-43B6-4657-90C2-E2F67FA19387}.Release|x86.Build.0 = Release|Any CPU
		{53CC0C46-F09E-40E6-96CC-D329D19F2ADF}.Debug|Any CPU.ActiveCfg = Debug|Any CPU
		{53CC0C46-F09E-40E6-96CC-D329D19F2ADF}.Debug|Any CPU.Build.0 = Debug|Any CPU
		{53CC0C46-F09E-40E6-96CC-D329D19F2ADF}.Debug|x64.ActiveCfg = Debug|Any CPU
		{53CC0C46-F09E-40E6-96CC-D329D19F2ADF}.Debug|x64.Build.0 = Debug|Any CPU
		{53CC0C46-F09E-40E6-96CC-D329D19F2ADF}.Debug|x86.ActiveCfg = Debug|Any CPU
		{53CC0C46-F09E-40E6-96CC-D329D19F2ADF}.Debug|x86.Build.0 = Debug|Any CPU
		{53CC0C46-F09E-40E6-96CC-D329D19F2ADF}.Release|Any CPU.ActiveCfg = Release|Any CPU
		{53CC0C46-F09E-40E6-96CC-D329D19F2ADF}.Release|Any CPU.Build.0 = Release|Any CPU
		{53CC0C46-F09E-40E6-96CC-D329D19F2ADF}.Release|x64.ActiveCfg = Release|Any CPU
		{53CC0C46-F09E-40E6-96CC-D329D19F2ADF}.Release|x64.Build.0 = Release|Any CPU
		{53CC0C46-F09E-40E6-96CC-D329D19F2ADF}.Release|x86.ActiveCfg = Release|Any CPU
		{53CC0C46-F09E-40E6-96CC-D329D19F2ADF}.Release|x86.Build.0 = Release|Any CPU
		{D7F2E53D-B29E-4F0F-9BFB-578669FBE51C}.Debug|Any CPU.ActiveCfg = Debug|Any CPU
		{D7F2E53D-B29E-4F0F-9BFB-578669FBE51C}.Debug|Any CPU.Build.0 = Debug|Any CPU
		{D7F2E53D-B29E-4F0F-9BFB-578669FBE51C}.Debug|x64.ActiveCfg = Debug|Any CPU
		{D7F2E53D-B29E-4F0F-9BFB-578669FBE51C}.Debug|x64.Build.0 = Debug|Any CPU
		{D7F2E53D-B29E-4F0F-9BFB-578669FBE51C}.Debug|x86.ActiveCfg = Debug|Any CPU
		{D7F2E53D-B29E-4F0F-9BFB-578669FBE51C}.Debug|x86.Build.0 = Debug|Any CPU
		{D7F2E53D-B29E-4F0F-9BFB-578669FBE51C}.Release|Any CPU.ActiveCfg = Release|Any CPU
		{D7F2E53D-B29E-4F0F-9BFB-578669FBE51C}.Release|Any CPU.Build.0 = Release|Any CPU
		{D7F2E53D-B29E-4F0F-9BFB-578669FBE51C}.Release|x64.ActiveCfg = Release|Any CPU
		{D7F2E53D-B29E-4F0F-9BFB-578669FBE51C}.Release|x64.Build.0 = Release|Any CPU
		{D7F2E53D-B29E-4F0F-9BFB-578669FBE51C}.Release|x86.ActiveCfg = Release|Any CPU
		{D7F2E53D-B29E-4F0F-9BFB-578669FBE51C}.Release|x86.Build.0 = Release|Any CPU
		{6FB0E99E-7509-4D18-AB89-4DF3FB7BACA5}.Debug|Any CPU.ActiveCfg = Debug|Any CPU
		{6FB0E99E-7509-4D18-AB89-4DF3FB7BACA5}.Debug|Any CPU.Build.0 = Debug|Any CPU
		{6FB0E99E-7509-4D18-AB89-4DF3FB7BACA5}.Debug|x64.ActiveCfg = Debug|Any CPU
		{6FB0E99E-7509-4D18-AB89-4DF3FB7BACA5}.Debug|x64.Build.0 = Debug|Any CPU
		{6FB0E99E-7509-4D18-AB89-4DF3FB7BACA5}.Debug|x86.ActiveCfg = Debug|Any CPU
		{6FB0E99E-7509-4D18-AB89-4DF3FB7BACA5}.Debug|x86.Build.0 = Debug|Any CPU
		{6FB0E99E-7509-4D18-AB89-4DF3FB7BACA5}.Release|Any CPU.ActiveCfg = Release|Any CPU
		{6FB0E99E-7509-4D18-AB89-4DF3FB7BACA5}.Release|Any CPU.Build.0 = Release|Any CPU
		{6FB0E99E-7509-4D18-AB89-4DF3FB7BACA5}.Release|x64.ActiveCfg = Release|Any CPU
		{6FB0E99E-7509-4D18-AB89-4DF3FB7BACA5}.Release|x64.Build.0 = Release|Any CPU
		{6FB0E99E-7509-4D18-AB89-4DF3FB7BACA5}.Release|x86.ActiveCfg = Release|Any CPU
		{6FB0E99E-7509-4D18-AB89-4DF3FB7BACA5}.Release|x86.Build.0 = Release|Any CPU
		{9436F81D-FD38-42A7-AB33-866D852C0E2C}.Debug|Any CPU.ActiveCfg = Debug|Any CPU
		{9436F81D-FD38-42A7-AB33-866D852C0E2C}.Debug|Any CPU.Build.0 = Debug|Any CPU
		{9436F81D-FD38-42A7-AB33-866D852C0E2C}.Debug|x64.ActiveCfg = Debug|Any CPU
		{9436F81D-FD38-42A7-AB33-866D852C0E2C}.Debug|x64.Build.0 = Debug|Any CPU
		{9436F81D-FD38-42A7-AB33-866D852C0E2C}.Debug|x86.ActiveCfg = Debug|Any CPU
		{9436F81D-FD38-42A7-AB33-866D852C0E2C}.Debug|x86.Build.0 = Debug|Any CPU
		{9436F81D-FD38-42A7-AB33-866D852C0E2C}.Release|Any CPU.ActiveCfg = Release|Any CPU
		{9436F81D-FD38-42A7-AB33-866D852C0E2C}.Release|Any CPU.Build.0 = Release|Any CPU
		{9436F81D-FD38-42A7-AB33-866D852C0E2C}.Release|x64.ActiveCfg = Release|Any CPU
		{9436F81D-FD38-42A7-AB33-866D852C0E2C}.Release|x64.Build.0 = Release|Any CPU
		{9436F81D-FD38-42A7-AB33-866D852C0E2C}.Release|x86.ActiveCfg = Release|Any CPU
		{9436F81D-FD38-42A7-AB33-866D852C0E2C}.Release|x86.Build.0 = Release|Any CPU
		{FEAF2126-E9B8-43DB-BFB3-EB3140CCBC47}.Debug|Any CPU.ActiveCfg = Debug|Any CPU
		{FEAF2126-E9B8-43DB-BFB3-EB3140CCBC47}.Debug|Any CPU.Build.0 = Debug|Any CPU
		{FEAF2126-E9B8-43DB-BFB3-EB3140CCBC47}.Debug|x64.ActiveCfg = Debug|Any CPU
		{FEAF2126-E9B8-43DB-BFB3-EB3140CCBC47}.Debug|x64.Build.0 = Debug|Any CPU
		{FEAF2126-E9B8-43DB-BFB3-EB3140CCBC47}.Debug|x86.ActiveCfg = Debug|Any CPU
		{FEAF2126-E9B8-43DB-BFB3-EB3140CCBC47}.Debug|x86.Build.0 = Debug|Any CPU
		{FEAF2126-E9B8-43DB-BFB3-EB3140CCBC47}.Release|Any CPU.ActiveCfg = Release|Any CPU
		{FEAF2126-E9B8-43DB-BFB3-EB3140CCBC47}.Release|Any CPU.Build.0 = Release|Any CPU
		{FEAF2126-E9B8-43DB-BFB3-EB3140CCBC47}.Release|x64.ActiveCfg = Release|Any CPU
		{FEAF2126-E9B8-43DB-BFB3-EB3140CCBC47}.Release|x64.Build.0 = Release|Any CPU
		{FEAF2126-E9B8-43DB-BFB3-EB3140CCBC47}.Release|x86.ActiveCfg = Release|Any CPU
		{FEAF2126-E9B8-43DB-BFB3-EB3140CCBC47}.Release|x86.Build.0 = Release|Any CPU
		{9BAC79AE-33DC-4F19-AE00-D78C72373042}.Debug|Any CPU.ActiveCfg = Debug|Any CPU
		{9BAC79AE-33DC-4F19-AE00-D78C72373042}.Debug|Any CPU.Build.0 = Debug|Any CPU
		{9BAC79AE-33DC-4F19-AE00-D78C72373042}.Debug|x64.ActiveCfg = Debug|Any CPU
		{9BAC79AE-33DC-4F19-AE00-D78C72373042}.Debug|x64.Build.0 = Debug|Any CPU
		{9BAC79AE-33DC-4F19-AE00-D78C72373042}.Debug|x86.ActiveCfg = Debug|Any CPU
		{9BAC79AE-33DC-4F19-AE00-D78C72373042}.Debug|x86.Build.0 = Debug|Any CPU
		{9BAC79AE-33DC-4F19-AE00-D78C72373042}.Release|Any CPU.ActiveCfg = Release|Any CPU
		{9BAC79AE-33DC-4F19-AE00-D78C72373042}.Release|Any CPU.Build.0 = Release|Any CPU
		{9BAC79AE-33DC-4F19-AE00-D78C72373042}.Release|x64.ActiveCfg = Release|Any CPU
		{9BAC79AE-33DC-4F19-AE00-D78C72373042}.Release|x64.Build.0 = Release|Any CPU
		{9BAC79AE-33DC-4F19-AE00-D78C72373042}.Release|x86.ActiveCfg = Release|Any CPU
		{9BAC79AE-33DC-4F19-AE00-D78C72373042}.Release|x86.Build.0 = Release|Any CPU
		{BE67162F-0E7C-40CC-9EF5-C8C556F50623}.Debug|Any CPU.ActiveCfg = Debug|Any CPU
		{BE67162F-0E7C-40CC-9EF5-C8C556F50623}.Debug|Any CPU.Build.0 = Debug|Any CPU
		{BE67162F-0E7C-40CC-9EF5-C8C556F50623}.Debug|x64.ActiveCfg = Debug|Any CPU
		{BE67162F-0E7C-40CC-9EF5-C8C556F50623}.Debug|x64.Build.0 = Debug|Any CPU
		{BE67162F-0E7C-40CC-9EF5-C8C556F50623}.Debug|x86.ActiveCfg = Debug|Any CPU
		{BE67162F-0E7C-40CC-9EF5-C8C556F50623}.Debug|x86.Build.0 = Debug|Any CPU
		{BE67162F-0E7C-40CC-9EF5-C8C556F50623}.Release|Any CPU.ActiveCfg = Release|Any CPU
		{BE67162F-0E7C-40CC-9EF5-C8C556F50623}.Release|Any CPU.Build.0 = Release|Any CPU
		{BE67162F-0E7C-40CC-9EF5-C8C556F50623}.Release|x64.ActiveCfg = Release|Any CPU
		{BE67162F-0E7C-40CC-9EF5-C8C556F50623}.Release|x64.Build.0 = Release|Any CPU
		{BE67162F-0E7C-40CC-9EF5-C8C556F50623}.Release|x86.ActiveCfg = Release|Any CPU
		{BE67162F-0E7C-40CC-9EF5-C8C556F50623}.Release|x86.Build.0 = Release|Any CPU
		{4A646A5F-1BC5-4380-A0BD-124C817770D8}.Debug|Any CPU.ActiveCfg = Debug|Any CPU
		{4A646A5F-1BC5-4380-A0BD-124C817770D8}.Debug|Any CPU.Build.0 = Debug|Any CPU
		{4A646A5F-1BC5-4380-A0BD-124C817770D8}.Debug|x64.ActiveCfg = Debug|Any CPU
		{4A646A5F-1BC5-4380-A0BD-124C817770D8}.Debug|x64.Build.0 = Debug|Any CPU
		{4A646A5F-1BC5-4380-A0BD-124C817770D8}.Debug|x86.ActiveCfg = Debug|Any CPU
		{4A646A5F-1BC5-4380-A0BD-124C817770D8}.Debug|x86.Build.0 = Debug|Any CPU
		{4A646A5F-1BC5-4380-A0BD-124C817770D8}.Release|Any CPU.ActiveCfg = Release|Any CPU
		{4A646A5F-1BC5-4380-A0BD-124C817770D8}.Release|Any CPU.Build.0 = Release|Any CPU
		{4A646A5F-1BC5-4380-A0BD-124C817770D8}.Release|x64.ActiveCfg = Release|Any CPU
		{4A646A5F-1BC5-4380-A0BD-124C817770D8}.Release|x64.Build.0 = Release|Any CPU
		{4A646A5F-1BC5-4380-A0BD-124C817770D8}.Release|x86.ActiveCfg = Release|Any CPU
		{4A646A5F-1BC5-4380-A0BD-124C817770D8}.Release|x86.Build.0 = Release|Any CPU
		{DE8B09D4-9899-459D-818D-D6D223EB11FB}.Debug|Any CPU.ActiveCfg = Debug|Any CPU
		{DE8B09D4-9899-459D-818D-D6D223EB11FB}.Debug|Any CPU.Build.0 = Debug|Any CPU
		{DE8B09D4-9899-459D-818D-D6D223EB11FB}.Debug|x64.ActiveCfg = Debug|Any CPU
		{DE8B09D4-9899-459D-818D-D6D223EB11FB}.Debug|x64.Build.0 = Debug|Any CPU
		{DE8B09D4-9899-459D-818D-D6D223EB11FB}.Debug|x86.ActiveCfg = Debug|Any CPU
		{DE8B09D4-9899-459D-818D-D6D223EB11FB}.Debug|x86.Build.0 = Debug|Any CPU
		{DE8B09D4-9899-459D-818D-D6D223EB11FB}.Release|Any CPU.ActiveCfg = Release|Any CPU
		{DE8B09D4-9899-459D-818D-D6D223EB11FB}.Release|Any CPU.Build.0 = Release|Any CPU
		{DE8B09D4-9899-459D-818D-D6D223EB11FB}.Release|x64.ActiveCfg = Release|Any CPU
		{DE8B09D4-9899-459D-818D-D6D223EB11FB}.Release|x64.Build.0 = Release|Any CPU
		{DE8B09D4-9899-459D-818D-D6D223EB11FB}.Release|x86.ActiveCfg = Release|Any CPU
		{DE8B09D4-9899-459D-818D-D6D223EB11FB}.Release|x86.Build.0 = Release|Any CPU
		{AAB120E6-316E-4AA7-89F2-B91407796166}.Debug|Any CPU.ActiveCfg = Debug|Any CPU
		{AAB120E6-316E-4AA7-89F2-B91407796166}.Debug|Any CPU.Build.0 = Debug|Any CPU
		{AAB120E6-316E-4AA7-89F2-B91407796166}.Debug|x64.ActiveCfg = Debug|Any CPU
		{AAB120E6-316E-4AA7-89F2-B91407796166}.Debug|x64.Build.0 = Debug|Any CPU
		{AAB120E6-316E-4AA7-89F2-B91407796166}.Debug|x86.ActiveCfg = Debug|Any CPU
		{AAB120E6-316E-4AA7-89F2-B91407796166}.Debug|x86.Build.0 = Debug|Any CPU
		{AAB120E6-316E-4AA7-89F2-B91407796166}.Release|Any CPU.ActiveCfg = Release|Any CPU
		{AAB120E6-316E-4AA7-89F2-B91407796166}.Release|Any CPU.Build.0 = Release|Any CPU
		{AAB120E6-316E-4AA7-89F2-B91407796166}.Release|x64.ActiveCfg = Release|Any CPU
		{AAB120E6-316E-4AA7-89F2-B91407796166}.Release|x64.Build.0 = Release|Any CPU
		{AAB120E6-316E-4AA7-89F2-B91407796166}.Release|x86.ActiveCfg = Release|Any CPU
		{AAB120E6-316E-4AA7-89F2-B91407796166}.Release|x86.Build.0 = Release|Any CPU
		{3A83E62A-98CD-4B34-9B49-D543BACDA91D}.Debug|Any CPU.ActiveCfg = Debug|Any CPU
		{3A83E62A-98CD-4B34-9B49-D543BACDA91D}.Debug|Any CPU.Build.0 = Debug|Any CPU
		{3A83E62A-98CD-4B34-9B49-D543BACDA91D}.Debug|x64.ActiveCfg = Debug|Any CPU
		{3A83E62A-98CD-4B34-9B49-D543BACDA91D}.Debug|x64.Build.0 = Debug|Any CPU
		{3A83E62A-98CD-4B34-9B49-D543BACDA91D}.Debug|x86.ActiveCfg = Debug|Any CPU
		{3A83E62A-98CD-4B34-9B49-D543BACDA91D}.Debug|x86.Build.0 = Debug|Any CPU
		{3A83E62A-98CD-4B34-9B49-D543BACDA91D}.Release|Any CPU.ActiveCfg = Release|Any CPU
		{3A83E62A-98CD-4B34-9B49-D543BACDA91D}.Release|Any CPU.Build.0 = Release|Any CPU
		{3A83E62A-98CD-4B34-9B49-D543BACDA91D}.Release|x64.ActiveCfg = Release|Any CPU
		{3A83E62A-98CD-4B34-9B49-D543BACDA91D}.Release|x64.Build.0 = Release|Any CPU
		{3A83E62A-98CD-4B34-9B49-D543BACDA91D}.Release|x86.ActiveCfg = Release|Any CPU
		{3A83E62A-98CD-4B34-9B49-D543BACDA91D}.Release|x86.Build.0 = Release|Any CPU
		{9CE152DF-18DF-4A12-AB38-658322A0F499}.Debug|Any CPU.ActiveCfg = Debug|Any CPU
		{9CE152DF-18DF-4A12-AB38-658322A0F499}.Debug|Any CPU.Build.0 = Debug|Any CPU
		{9CE152DF-18DF-4A12-AB38-658322A0F499}.Debug|x64.ActiveCfg = Debug|Any CPU
		{9CE152DF-18DF-4A12-AB38-658322A0F499}.Debug|x64.Build.0 = Debug|Any CPU
		{9CE152DF-18DF-4A12-AB38-658322A0F499}.Debug|x86.ActiveCfg = Debug|Any CPU
		{9CE152DF-18DF-4A12-AB38-658322A0F499}.Debug|x86.Build.0 = Debug|Any CPU
		{9CE152DF-18DF-4A12-AB38-658322A0F499}.Release|Any CPU.ActiveCfg = Release|Any CPU
		{9CE152DF-18DF-4A12-AB38-658322A0F499}.Release|Any CPU.Build.0 = Release|Any CPU
		{9CE152DF-18DF-4A12-AB38-658322A0F499}.Release|x64.ActiveCfg = Release|Any CPU
		{9CE152DF-18DF-4A12-AB38-658322A0F499}.Release|x64.Build.0 = Release|Any CPU
		{9CE152DF-18DF-4A12-AB38-658322A0F499}.Release|x86.ActiveCfg = Release|Any CPU
		{9CE152DF-18DF-4A12-AB38-658322A0F499}.Release|x86.Build.0 = Release|Any CPU
		{FC97B140-E25B-432B-BEFE-2756A52C6813}.Debug|Any CPU.ActiveCfg = Debug|Any CPU
		{FC97B140-E25B-432B-BEFE-2756A52C6813}.Debug|Any CPU.Build.0 = Debug|Any CPU
		{FC97B140-E25B-432B-BEFE-2756A52C6813}.Debug|x64.ActiveCfg = Debug|Any CPU
		{FC97B140-E25B-432B-BEFE-2756A52C6813}.Debug|x64.Build.0 = Debug|Any CPU
		{FC97B140-E25B-432B-BEFE-2756A52C6813}.Debug|x86.ActiveCfg = Debug|Any CPU
		{FC97B140-E25B-432B-BEFE-2756A52C6813}.Debug|x86.Build.0 = Debug|Any CPU
		{FC97B140-E25B-432B-BEFE-2756A52C6813}.Release|Any CPU.ActiveCfg = Release|Any CPU
		{FC97B140-E25B-432B-BEFE-2756A52C6813}.Release|Any CPU.Build.0 = Release|Any CPU
		{FC97B140-E25B-432B-BEFE-2756A52C6813}.Release|x64.ActiveCfg = Release|Any CPU
		{FC97B140-E25B-432B-BEFE-2756A52C6813}.Release|x64.Build.0 = Release|Any CPU
		{FC97B140-E25B-432B-BEFE-2756A52C6813}.Release|x86.ActiveCfg = Release|Any CPU
		{FC97B140-E25B-432B-BEFE-2756A52C6813}.Release|x86.Build.0 = Release|Any CPU
		{0C97DFC5-AAB0-485B-B878-CD59803EBB14}.Debug|Any CPU.ActiveCfg = Debug|Any CPU
		{0C97DFC5-AAB0-485B-B878-CD59803EBB14}.Debug|Any CPU.Build.0 = Debug|Any CPU
		{0C97DFC5-AAB0-485B-B878-CD59803EBB14}.Debug|x64.ActiveCfg = Debug|Any CPU
		{0C97DFC5-AAB0-485B-B878-CD59803EBB14}.Debug|x64.Build.0 = Debug|Any CPU
		{0C97DFC5-AAB0-485B-B878-CD59803EBB14}.Debug|x86.ActiveCfg = Debug|Any CPU
		{0C97DFC5-AAB0-485B-B878-CD59803EBB14}.Debug|x86.Build.0 = Debug|Any CPU
		{0C97DFC5-AAB0-485B-B878-CD59803EBB14}.Release|Any CPU.ActiveCfg = Release|Any CPU
		{0C97DFC5-AAB0-485B-B878-CD59803EBB14}.Release|Any CPU.Build.0 = Release|Any CPU
		{0C97DFC5-AAB0-485B-B878-CD59803EBB14}.Release|x64.ActiveCfg = Release|Any CPU
		{0C97DFC5-AAB0-485B-B878-CD59803EBB14}.Release|x64.Build.0 = Release|Any CPU
		{0C97DFC5-AAB0-485B-B878-CD59803EBB14}.Release|x86.ActiveCfg = Release|Any CPU
		{0C97DFC5-AAB0-485B-B878-CD59803EBB14}.Release|x86.Build.0 = Release|Any CPU
		{2E4E2F6B-2C34-43B0-B0D6-FF09D53C4260}.Debug|Any CPU.ActiveCfg = Debug|Any CPU
		{2E4E2F6B-2C34-43B0-B0D6-FF09D53C4260}.Debug|Any CPU.Build.0 = Debug|Any CPU
		{2E4E2F6B-2C34-43B0-B0D6-FF09D53C4260}.Debug|x64.ActiveCfg = Debug|Any CPU
		{2E4E2F6B-2C34-43B0-B0D6-FF09D53C4260}.Debug|x64.Build.0 = Debug|Any CPU
		{2E4E2F6B-2C34-43B0-B0D6-FF09D53C4260}.Debug|x86.ActiveCfg = Debug|Any CPU
		{2E4E2F6B-2C34-43B0-B0D6-FF09D53C4260}.Debug|x86.Build.0 = Debug|Any CPU
		{2E4E2F6B-2C34-43B0-B0D6-FF09D53C4260}.Release|Any CPU.ActiveCfg = Release|Any CPU
		{2E4E2F6B-2C34-43B0-B0D6-FF09D53C4260}.Release|Any CPU.Build.0 = Release|Any CPU
		{2E4E2F6B-2C34-43B0-B0D6-FF09D53C4260}.Release|x64.ActiveCfg = Release|Any CPU
		{2E4E2F6B-2C34-43B0-B0D6-FF09D53C4260}.Release|x64.Build.0 = Release|Any CPU
		{2E4E2F6B-2C34-43B0-B0D6-FF09D53C4260}.Release|x86.ActiveCfg = Release|Any CPU
		{2E4E2F6B-2C34-43B0-B0D6-FF09D53C4260}.Release|x86.Build.0 = Release|Any CPU
		{68B3D898-6A0C-491A-A06C-56760D5BD37C}.Debug|Any CPU.ActiveCfg = Debug|Any CPU
		{68B3D898-6A0C-491A-A06C-56760D5BD37C}.Debug|Any CPU.Build.0 = Debug|Any CPU
		{68B3D898-6A0C-491A-A06C-56760D5BD37C}.Debug|x64.ActiveCfg = Debug|Any CPU
		{68B3D898-6A0C-491A-A06C-56760D5BD37C}.Debug|x64.Build.0 = Debug|Any CPU
		{68B3D898-6A0C-491A-A06C-56760D5BD37C}.Debug|x86.ActiveCfg = Debug|Any CPU
		{68B3D898-6A0C-491A-A06C-56760D5BD37C}.Debug|x86.Build.0 = Debug|Any CPU
		{68B3D898-6A0C-491A-A06C-56760D5BD37C}.Release|Any CPU.ActiveCfg = Release|Any CPU
		{68B3D898-6A0C-491A-A06C-56760D5BD37C}.Release|Any CPU.Build.0 = Release|Any CPU
		{68B3D898-6A0C-491A-A06C-56760D5BD37C}.Release|x64.ActiveCfg = Release|Any CPU
		{68B3D898-6A0C-491A-A06C-56760D5BD37C}.Release|x64.Build.0 = Release|Any CPU
		{68B3D898-6A0C-491A-A06C-56760D5BD37C}.Release|x86.ActiveCfg = Release|Any CPU
		{68B3D898-6A0C-491A-A06C-56760D5BD37C}.Release|x86.Build.0 = Release|Any CPU
		{3E5CDEDC-D8B4-48F3-A137-014B243A70CD}.Debug|Any CPU.ActiveCfg = Debug|Any CPU
		{3E5CDEDC-D8B4-48F3-A137-014B243A70CD}.Debug|Any CPU.Build.0 = Debug|Any CPU
		{3E5CDEDC-D8B4-48F3-A137-014B243A70CD}.Debug|x64.ActiveCfg = Debug|Any CPU
		{3E5CDEDC-D8B4-48F3-A137-014B243A70CD}.Debug|x64.Build.0 = Debug|Any CPU
		{3E5CDEDC-D8B4-48F3-A137-014B243A70CD}.Debug|x86.ActiveCfg = Debug|Any CPU
		{3E5CDEDC-D8B4-48F3-A137-014B243A70CD}.Debug|x86.Build.0 = Debug|Any CPU
		{3E5CDEDC-D8B4-48F3-A137-014B243A70CD}.Release|Any CPU.ActiveCfg = Release|Any CPU
		{3E5CDEDC-D8B4-48F3-A137-014B243A70CD}.Release|Any CPU.Build.0 = Release|Any CPU
		{3E5CDEDC-D8B4-48F3-A137-014B243A70CD}.Release|x64.ActiveCfg = Release|Any CPU
		{3E5CDEDC-D8B4-48F3-A137-014B243A70CD}.Release|x64.Build.0 = Release|Any CPU
		{3E5CDEDC-D8B4-48F3-A137-014B243A70CD}.Release|x86.ActiveCfg = Release|Any CPU
		{3E5CDEDC-D8B4-48F3-A137-014B243A70CD}.Release|x86.Build.0 = Release|Any CPU
		{8D88F296-9C49-48E8-8423-28B3210B6965}.Debug|Any CPU.ActiveCfg = Debug|Any CPU
		{8D88F296-9C49-48E8-8423-28B3210B6965}.Debug|Any CPU.Build.0 = Debug|Any CPU
		{8D88F296-9C49-48E8-8423-28B3210B6965}.Debug|x64.ActiveCfg = Debug|Any CPU
		{8D88F296-9C49-48E8-8423-28B3210B6965}.Debug|x64.Build.0 = Debug|Any CPU
		{8D88F296-9C49-48E8-8423-28B3210B6965}.Debug|x86.ActiveCfg = Debug|Any CPU
		{8D88F296-9C49-48E8-8423-28B3210B6965}.Debug|x86.Build.0 = Debug|Any CPU
		{8D88F296-9C49-48E8-8423-28B3210B6965}.Release|Any CPU.ActiveCfg = Release|Any CPU
		{8D88F296-9C49-48E8-8423-28B3210B6965}.Release|Any CPU.Build.0 = Release|Any CPU
		{8D88F296-9C49-48E8-8423-28B3210B6965}.Release|x64.ActiveCfg = Release|Any CPU
		{8D88F296-9C49-48E8-8423-28B3210B6965}.Release|x64.Build.0 = Release|Any CPU
		{8D88F296-9C49-48E8-8423-28B3210B6965}.Release|x86.ActiveCfg = Release|Any CPU
		{8D88F296-9C49-48E8-8423-28B3210B6965}.Release|x86.Build.0 = Release|Any CPU
		{C77B4FA5-FD80-4D3B-8543-3292622E3517}.Debug|Any CPU.ActiveCfg = Debug|Any CPU
		{C77B4FA5-FD80-4D3B-8543-3292622E3517}.Debug|Any CPU.Build.0 = Debug|Any CPU
		{C77B4FA5-FD80-4D3B-8543-3292622E3517}.Debug|x64.ActiveCfg = Debug|Any CPU
		{C77B4FA5-FD80-4D3B-8543-3292622E3517}.Debug|x64.Build.0 = Debug|Any CPU
		{C77B4FA5-FD80-4D3B-8543-3292622E3517}.Debug|x86.ActiveCfg = Debug|Any CPU
		{C77B4FA5-FD80-4D3B-8543-3292622E3517}.Debug|x86.Build.0 = Debug|Any CPU
		{C77B4FA5-FD80-4D3B-8543-3292622E3517}.Release|Any CPU.ActiveCfg = Release|Any CPU
		{C77B4FA5-FD80-4D3B-8543-3292622E3517}.Release|Any CPU.Build.0 = Release|Any CPU
		{C77B4FA5-FD80-4D3B-8543-3292622E3517}.Release|x64.ActiveCfg = Release|Any CPU
		{C77B4FA5-FD80-4D3B-8543-3292622E3517}.Release|x64.Build.0 = Release|Any CPU
		{C77B4FA5-FD80-4D3B-8543-3292622E3517}.Release|x86.ActiveCfg = Release|Any CPU
		{C77B4FA5-FD80-4D3B-8543-3292622E3517}.Release|x86.Build.0 = Release|Any CPU
		{C980F943-D931-461D-BBA7-CDAB80ADB264}.Debug|Any CPU.ActiveCfg = Debug|Any CPU
		{C980F943-D931-461D-BBA7-CDAB80ADB264}.Debug|Any CPU.Build.0 = Debug|Any CPU
		{C980F943-D931-461D-BBA7-CDAB80ADB264}.Debug|x64.ActiveCfg = Debug|Any CPU
		{C980F943-D931-461D-BBA7-CDAB80ADB264}.Debug|x64.Build.0 = Debug|Any CPU
		{C980F943-D931-461D-BBA7-CDAB80ADB264}.Debug|x86.ActiveCfg = Debug|Any CPU
		{C980F943-D931-461D-BBA7-CDAB80ADB264}.Debug|x86.Build.0 = Debug|Any CPU
		{C980F943-D931-461D-BBA7-CDAB80ADB264}.Release|Any CPU.ActiveCfg = Release|Any CPU
		{C980F943-D931-461D-BBA7-CDAB80ADB264}.Release|Any CPU.Build.0 = Release|Any CPU
		{C980F943-D931-461D-BBA7-CDAB80ADB264}.Release|x64.ActiveCfg = Release|Any CPU
		{C980F943-D931-461D-BBA7-CDAB80ADB264}.Release|x64.Build.0 = Release|Any CPU
		{C980F943-D931-461D-BBA7-CDAB80ADB264}.Release|x86.ActiveCfg = Release|Any CPU
		{C980F943-D931-461D-BBA7-CDAB80ADB264}.Release|x86.Build.0 = Release|Any CPU
		{5680DAD7-14F2-4C0D-95A3-4B18F3C27674}.Debug|Any CPU.ActiveCfg = Debug|Any CPU
		{5680DAD7-14F2-4C0D-95A3-4B18F3C27674}.Debug|Any CPU.Build.0 = Debug|Any CPU
		{5680DAD7-14F2-4C0D-95A3-4B18F3C27674}.Debug|x64.ActiveCfg = Debug|Any CPU
		{5680DAD7-14F2-4C0D-95A3-4B18F3C27674}.Debug|x64.Build.0 = Debug|Any CPU
		{5680DAD7-14F2-4C0D-95A3-4B18F3C27674}.Debug|x86.ActiveCfg = Debug|Any CPU
		{5680DAD7-14F2-4C0D-95A3-4B18F3C27674}.Debug|x86.Build.0 = Debug|Any CPU
		{5680DAD7-14F2-4C0D-95A3-4B18F3C27674}.Release|Any CPU.ActiveCfg = Release|Any CPU
		{5680DAD7-14F2-4C0D-95A3-4B18F3C27674}.Release|Any CPU.Build.0 = Release|Any CPU
		{5680DAD7-14F2-4C0D-95A3-4B18F3C27674}.Release|x64.ActiveCfg = Release|Any CPU
		{5680DAD7-14F2-4C0D-95A3-4B18F3C27674}.Release|x64.Build.0 = Release|Any CPU
		{5680DAD7-14F2-4C0D-95A3-4B18F3C27674}.Release|x86.ActiveCfg = Release|Any CPU
		{5680DAD7-14F2-4C0D-95A3-4B18F3C27674}.Release|x86.Build.0 = Release|Any CPU
		{3660E5A1-CB1B-4A90-87BE-41FBED003F17}.Debug|Any CPU.ActiveCfg = Debug|Any CPU
		{3660E5A1-CB1B-4A90-87BE-41FBED003F17}.Debug|Any CPU.Build.0 = Debug|Any CPU
		{3660E5A1-CB1B-4A90-87BE-41FBED003F17}.Debug|x64.ActiveCfg = Debug|Any CPU
		{3660E5A1-CB1B-4A90-87BE-41FBED003F17}.Debug|x64.Build.0 = Debug|Any CPU
		{3660E5A1-CB1B-4A90-87BE-41FBED003F17}.Debug|x86.ActiveCfg = Debug|Any CPU
		{3660E5A1-CB1B-4A90-87BE-41FBED003F17}.Debug|x86.Build.0 = Debug|Any CPU
		{3660E5A1-CB1B-4A90-87BE-41FBED003F17}.Release|Any CPU.ActiveCfg = Release|Any CPU
		{3660E5A1-CB1B-4A90-87BE-41FBED003F17}.Release|Any CPU.Build.0 = Release|Any CPU
		{3660E5A1-CB1B-4A90-87BE-41FBED003F17}.Release|x64.ActiveCfg = Release|Any CPU
		{3660E5A1-CB1B-4A90-87BE-41FBED003F17}.Release|x64.Build.0 = Release|Any CPU
		{3660E5A1-CB1B-4A90-87BE-41FBED003F17}.Release|x86.ActiveCfg = Release|Any CPU
		{3660E5A1-CB1B-4A90-87BE-41FBED003F17}.Release|x86.Build.0 = Release|Any CPU
		{8E141EA1-9AFD-4429-B07D-EC00E29AE834}.Debug|Any CPU.ActiveCfg = Debug|Any CPU
		{8E141EA1-9AFD-4429-B07D-EC00E29AE834}.Debug|Any CPU.Build.0 = Debug|Any CPU
		{8E141EA1-9AFD-4429-B07D-EC00E29AE834}.Debug|x64.ActiveCfg = Debug|Any CPU
		{8E141EA1-9AFD-4429-B07D-EC00E29AE834}.Debug|x64.Build.0 = Debug|Any CPU
		{8E141EA1-9AFD-4429-B07D-EC00E29AE834}.Debug|x86.ActiveCfg = Debug|Any CPU
		{8E141EA1-9AFD-4429-B07D-EC00E29AE834}.Debug|x86.Build.0 = Debug|Any CPU
		{8E141EA1-9AFD-4429-B07D-EC00E29AE834}.Release|Any CPU.ActiveCfg = Release|Any CPU
		{8E141EA1-9AFD-4429-B07D-EC00E29AE834}.Release|Any CPU.Build.0 = Release|Any CPU
		{8E141EA1-9AFD-4429-B07D-EC00E29AE834}.Release|x64.ActiveCfg = Release|Any CPU
		{8E141EA1-9AFD-4429-B07D-EC00E29AE834}.Release|x64.Build.0 = Release|Any CPU
		{8E141EA1-9AFD-4429-B07D-EC00E29AE834}.Release|x86.ActiveCfg = Release|Any CPU
		{8E141EA1-9AFD-4429-B07D-EC00E29AE834}.Release|x86.Build.0 = Release|Any CPU
	EndGlobalSection
	GlobalSection(NestedProjects) = preSolution
		{EDCA0ECD-7124-490F-BE1E-19F637BF0E10} = {E11D4633-D29A-4545-B46D-53837CA1587D}
		{4A5864FC-9114-4D3E-83D6-DFBD6A03C0CD} = {AC0C8BBD-FAD5-4465-8809-39B1B70F6121}
		{6DA6D2C1-E968-4C11-B43E-ED6D91DADE67} = {E11D4633-D29A-4545-B46D-53837CA1587D}
		{65FBC84A-36E2-482A-A31E-DB9976BB31A6} = {AC0C8BBD-FAD5-4465-8809-39B1B70F6121}
		{3959E6E0-2649-4753-BD3E-DC9BCB2B2D3A} = {AC0C8BBD-FAD5-4465-8809-39B1B70F6121}
		{49469324-6AB1-4853-90FE-D41220C866DF} = {E11D4633-D29A-4545-B46D-53837CA1587D}
		{ACCD8725-52B2-4794-9F1A-D74D74AC2927} = {AC0C8BBD-FAD5-4465-8809-39B1B70F6121}
		{CF235CBE-1F55-4893-8180-839CA5649E39} = {E11D4633-D29A-4545-B46D-53837CA1587D}
		{FD69C469-43B6-4657-90C2-E2F67FA19387} = {AC0C8BBD-FAD5-4465-8809-39B1B70F6121}
		{53CC0C46-F09E-40E6-96CC-D329D19F2ADF} = {E11D4633-D29A-4545-B46D-53837CA1587D}
		{D7F2E53D-B29E-4F0F-9BFB-578669FBE51C} = {AC0C8BBD-FAD5-4465-8809-39B1B70F6121}
		{6FB0E99E-7509-4D18-AB89-4DF3FB7BACA5} = {E11D4633-D29A-4545-B46D-53837CA1587D}
		{9436F81D-FD38-42A7-AB33-866D852C0E2C} = {AC0C8BBD-FAD5-4465-8809-39B1B70F6121}
		{FEAF2126-E9B8-43DB-BFB3-EB3140CCBC47} = {E11D4633-D29A-4545-B46D-53837CA1587D}
		{9BAC79AE-33DC-4F19-AE00-D78C72373042} = {AC0C8BBD-FAD5-4465-8809-39B1B70F6121}
		{BE67162F-0E7C-40CC-9EF5-C8C556F50623} = {E11D4633-D29A-4545-B46D-53837CA1587D}
		{4A646A5F-1BC5-4380-A0BD-124C817770D8} = {AC0C8BBD-FAD5-4465-8809-39B1B70F6121}
		{DE8B09D4-9899-459D-818D-D6D223EB11FB} = {E11D4633-D29A-4545-B46D-53837CA1587D}
		{AAB120E6-316E-4AA7-89F2-B91407796166} = {AC0C8BBD-FAD5-4465-8809-39B1B70F6121}
		{3A83E62A-98CD-4B34-9B49-D543BACDA91D} = {E11D4633-D29A-4545-B46D-53837CA1587D}
		{9CE152DF-18DF-4A12-AB38-658322A0F499} = {AC0C8BBD-FAD5-4465-8809-39B1B70F6121}
		{FC97B140-E25B-432B-BEFE-2756A52C6813} = {E11D4633-D29A-4545-B46D-53837CA1587D}
		{0C97DFC5-AAB0-485B-B878-CD59803EBB14} = {AC0C8BBD-FAD5-4465-8809-39B1B70F6121}
		{2E4E2F6B-2C34-43B0-B0D6-FF09D53C4260} = {E11D4633-D29A-4545-B46D-53837CA1587D}
		{68B3D898-6A0C-491A-A06C-56760D5BD37C} = {AC0C8BBD-FAD5-4465-8809-39B1B70F6121}
		{3E5CDEDC-D8B4-48F3-A137-014B243A70CD} = {E11D4633-D29A-4545-B46D-53837CA1587D}
		{8D88F296-9C49-48E8-8423-28B3210B6965} = {AC0C8BBD-FAD5-4465-8809-39B1B70F6121}
		{C77B4FA5-FD80-4D3B-8543-3292622E3517} = {E11D4633-D29A-4545-B46D-53837CA1587D}
		{C980F943-D931-461D-BBA7-CDAB80ADB264} = {AC0C8BBD-FAD5-4465-8809-39B1B70F6121}
		{5680DAD7-14F2-4C0D-95A3-4B18F3C27674} = {E11D4633-D29A-4545-B46D-53837CA1587D}
		{3660E5A1-CB1B-4A90-87BE-41FBED003F17} = {AC0C8BBD-FAD5-4465-8809-39B1B70F6121}
		{8E141EA1-9AFD-4429-B07D-EC00E29AE834} = {E11D4633-D29A-4545-B46D-53837CA1587D}
	EndGlobalSection
EndGlobal
